// !$*UTF8*$!
{
	archiveVersion = 1;
	classes = {
	};
	objectVersion = 46;
	objects = {

/* Begin PBXBuildFile section */
		27C82604EDE0AA2A7F7281B8 /* Pods_WPI_CSA.framework in Frameworks */ = {isa = PBXBuildFile; fileRef = 47898EBF3F9DD3C4396E8291 /* Pods_WPI_CSA.framework */; };
		871E35B11EB19FF700EA483E /* 1_1.jpg in Resources */ = {isa = PBXBuildFile; fileRef = 871E35A61EB19FF700EA483E /* 1_1.jpg */; };
		871E35B21EB19FF700EA483E /* 1_2.jpg in Resources */ = {isa = PBXBuildFile; fileRef = 871E35A71EB19FF700EA483E /* 1_2.jpg */; };
		871E35B31EB19FF700EA483E /* 1_3.jpg in Resources */ = {isa = PBXBuildFile; fileRef = 871E35A81EB19FF700EA483E /* 1_3.jpg */; };
		871E35B41EB19FF700EA483E /* 1_4.jpg in Resources */ = {isa = PBXBuildFile; fileRef = 871E35A91EB19FF700EA483E /* 1_4.jpg */; };
		871E35B51EB19FF700EA483E /* 1_5.jpg in Resources */ = {isa = PBXBuildFile; fileRef = 871E35AA1EB19FF700EA483E /* 1_5.jpg */; };
		871E35B61EB19FF700EA483E /* 1_6.jpg in Resources */ = {isa = PBXBuildFile; fileRef = 871E35AB1EB19FF700EA483E /* 1_6.jpg */; };
		871E35B71EB19FF700EA483E /* 1_7.jpg in Resources */ = {isa = PBXBuildFile; fileRef = 871E35AC1EB19FF700EA483E /* 1_7.jpg */; };
		871E35B81EB19FF700EA483E /* 1_8.jpg in Resources */ = {isa = PBXBuildFile; fileRef = 871E35AD1EB19FF700EA483E /* 1_8.jpg */; };
		871E35BA1EB19FF700EA483E /* 28_1.jpg in Resources */ = {isa = PBXBuildFile; fileRef = 871E35AF1EB19FF700EA483E /* 28_1.jpg */; };
		871E35BB1EB19FF700EA483E /* cover.jpg in Resources */ = {isa = PBXBuildFile; fileRef = 871E35B01EB19FF700EA483E /* cover.jpg */; };
		871E35BD1EB2B73D00EA483E /* 62_1.jpg in Resources */ = {isa = PBXBuildFile; fileRef = 871E35BC1EB2B73D00EA483E /* 62_1.jpg */; };
		871E35BF1EB6BBDE00EA483E /* 11_1.jpg in Resources */ = {isa = PBXBuildFile; fileRef = 871E35BE1EB6BBDE00EA483E /* 11_1.jpg */; };
		871E35C11EB6BBED00EA483E /* 85_1.jpg in Resources */ = {isa = PBXBuildFile; fileRef = 871E35C01EB6BBED00EA483E /* 85_1.jpg */; };
		871E35C71EBA67CB00EA483E /* Upload.swift in Sources */ = {isa = PBXBuildFile; fileRef = 871E35C61EBA67CB00EA483E /* Upload.swift */; };
		871E35CA1EBA73A400EA483E /* StatusCode.swift in Sources */ = {isa = PBXBuildFile; fileRef = 871E35C91EBA73A400EA483E /* StatusCode.swift */; };
		871E35CC1EBAA44B00EA483E /* HTTPSecurity.swift in Sources */ = {isa = PBXBuildFile; fileRef = 871E35CB1EBAA44B00EA483E /* HTTPSecurity.swift */; };
		871E35CE1EBAAEB300EA483E /* Operation.swift in Sources */ = {isa = PBXBuildFile; fileRef = 871E35CD1EBAAEB300EA483E /* Operation.swift */; };
		871E35D01EBAF14C00EA483E /* Request.swift in Sources */ = {isa = PBXBuildFile; fileRef = 871E35CF1EBAF14C00EA483E /* Request.swift */; };
		8721CB571EE651D80023152A /* EditorViewController.swift in Sources */ = {isa = PBXBuildFile; fileRef = 8721CB561EE651D80023152A /* EditorViewController.swift */; };
		8727796F1F2985D1009F83B7 /* 85_2.jpg in Resources */ = {isa = PBXBuildFile; fileRef = 8727796D1F2985D1009F83B7 /* 85_2.jpg */; };
		872779701F2985D1009F83B7 /* 85_3.jpg in Resources */ = {isa = PBXBuildFile; fileRef = 8727796E1F2985D1009F83B7 /* 85_3.jpg */; };
		872779721F2A1829009F83B7 /* separator.jpg in Resources */ = {isa = PBXBuildFile; fileRef = 872779711F2A1829009F83B7 /* separator.jpg */; };
		872779741F2D80B2009F83B7 /* appIcon.jpg in Resources */ = {isa = PBXBuildFile; fileRef = 872779731F2D80B2009F83B7 /* appIcon.jpg */; };
		8732FE031EBC1F6800B1CDB1 /* WCService.swift in Sources */ = {isa = PBXBuildFile; fileRef = 8732FE021EBC1F6800B1CDB1 /* WCService.swift */; };
		8732FE071EBD07A600B1CDB1 /* WCUtils.swift in Sources */ = {isa = PBXBuildFile; fileRef = 8732FE061EBD07A600B1CDB1 /* WCUtils.swift */; };
		874F3D3B1EF6F4B100B47492 /* PreviewViewController.swift in Sources */ = {isa = PBXBuildFile; fileRef = 874F3D3A1EF6F4B100B47492 /* PreviewViewController.swift */; };
		874F3D3D1EF9AAE500B47492 /* WCArticle.swift in Sources */ = {isa = PBXBuildFile; fileRef = 874F3D3C1EF9AAE500B47492 /* WCArticle.swift */; };
		874F3D791EFAEBE600B47492 /* Toast.swift in Sources */ = {isa = PBXBuildFile; fileRef = 874F3D781EFAEBE600B47492 /* Toast.swift */; };
		87668F641F80A0640021478D /* FeedViewController.swift in Sources */ = {isa = PBXBuildFile; fileRef = 87668F631F80A0640021478D /* FeedViewController.swift */; };
		877E61581E8C4DD100B88831 /* Article.swift in Sources */ = {isa = PBXBuildFile; fileRef = 877E61571E8C4DD100B88831 /* Article.swift */; };
		877FD5981E94300E00632887 /* menuExpanded.png in Resources */ = {isa = PBXBuildFile; fileRef = 877FD5961E94300E00632887 /* menuExpanded.png */; };
		877FD5991E94300E00632887 /* menuCollapsed.png in Resources */ = {isa = PBXBuildFile; fileRef = 877FD5971E94300E00632887 /* menuCollapsed.png */; };
		87ADA8291E8227C300EF81A4 /* Database.swift in Sources */ = {isa = PBXBuildFile; fileRef = 87ADA8281E8227C300EF81A4 /* Database.swift */; };
		87ADA82C1E82300800EF81A4 /* libsqlite3.tbd in Frameworks */ = {isa = PBXBuildFile; fileRef = 87ADA82B1E82300800EF81A4 /* libsqlite3.tbd */; };
		87BB2BE41F3A905900083536 /* 35_1.jpg in Resources */ = {isa = PBXBuildFile; fileRef = 87BB2BE31F3A905900083536 /* 35_1.jpg */; };
		87BB2BE61F3A987C00083536 /* landing.jpg in Resources */ = {isa = PBXBuildFile; fileRef = 87BB2BE51F3A987C00083536 /* landing.jpg */; };
		87C14A4C1EBE321B0031E20A /* ReportViewController.swift in Sources */ = {isa = PBXBuildFile; fileRef = 87C14A4B1EBE321B0031E20A /* ReportViewController.swift */; };
		87CAC3961ED3D61D004D0A97 /* NVActivityIndicatorView.swift in Sources */ = {isa = PBXBuildFile; fileRef = 87CAC3951ED3D61D004D0A97 /* NVActivityIndicatorView.swift */; };
		87CAC3981ED3D62B004D0A97 /* NVActivityIndicatorAnimationBallPulseSync.swift in Sources */ = {isa = PBXBuildFile; fileRef = 87CAC3971ED3D62B004D0A97 /* NVActivityIndicatorAnimationBallPulseSync.swift */; };
		87CAC39A1ED3D649004D0A97 /* NVActivityIndicatorAnimationDelegate.swift in Sources */ = {isa = PBXBuildFile; fileRef = 87CAC3991ED3D649004D0A97 /* NVActivityIndicatorAnimationDelegate.swift */; };
		87CAC39C1ED3D6CC004D0A97 /* NVActivityIndicatorShape.swift in Sources */ = {isa = PBXBuildFile; fileRef = 87CAC39B1ED3D6CC004D0A97 /* NVActivityIndicatorShape.swift */; };
		87CAC39E1ED3DF9F004D0A97 /* NVActivityIndicatorPresenter.swift in Sources */ = {isa = PBXBuildFile; fileRef = 87CAC39D1ED3DF9F004D0A97 /* NVActivityIndicatorPresenter.swift */; };
		87CD3A4A1E8494E900C9E5F3 /* Menu.swift in Sources */ = {isa = PBXBuildFile; fileRef = 87CD3A491E8494E900C9E5F3 /* Menu.swift */; };
		87D097521F4A68B800D78BF8 /* WCImage.swift in Sources */ = {isa = PBXBuildFile; fileRef = 87D097511F4A68B800D78BF8 /* WCImage.swift */; };
		87D097561F4FAC9400D78BF8 /* Database.sqlite in Resources */ = {isa = PBXBuildFile; fileRef = 87D097531F4F518100D78BF8 /* Database.sqlite */; };
		87D097581F53443400D78BF8 /* LifeViewController.swift in Sources */ = {isa = PBXBuildFile; fileRef = 87D097571F53443400D78BF8 /* LifeViewController.swift */; };
		87D0975A1F55F75F00D78BF8 /* TabBarViewController.swift in Sources */ = {isa = PBXBuildFile; fileRef = 87D097591F55F75F00D78BF8 /* TabBarViewController.swift */; };
		87D0975C1F5721D000D78BF8 /* ColoredView.swift in Sources */ = {isa = PBXBuildFile; fileRef = 87D0975B1F5721D000D78BF8 /* ColoredView.swift */; };
		87D0975E1F5A357600D78BF8 /* CacheManager.swift in Sources */ = {isa = PBXBuildFile; fileRef = 87D0975D1F5A357600D78BF8 /* CacheManager.swift */; };
		87D097601F5A3C9300D78BF8 /* Cache.swift in Sources */ = {isa = PBXBuildFile; fileRef = 87D0975F1F5A3C9300D78BF8 /* Cache.swift */; };
		87D097621F60D57F00D78BF8 /* UserDetailViewController.swift in Sources */ = {isa = PBXBuildFile; fileRef = 87D097611F60D57F00D78BF8 /* UserDetailViewController.swift */; };
		87D097641F70CC5A00D78BF8 /* WCFeed.swift in Sources */ = {isa = PBXBuildFile; fileRef = 87D097631F70CC5A00D78BF8 /* WCFeed.swift */; };
		87DE3FC21EC41DF800BB49EB /* WCUser.swift in Sources */ = {isa = PBXBuildFile; fileRef = 87DE3FC11EC41DF800BB49EB /* WCUser.swift */; };
		87DE40051EC765C800BB49EB /* SettingViewController.swift in Sources */ = {isa = PBXBuildFile; fileRef = 87DE40041EC765C800BB49EB /* SettingViewController.swift */; };
		87DE40091EC7776200BB49EB /* defaultAvatar.png in Resources */ = {isa = PBXBuildFile; fileRef = 87DE40081EC7776200BB49EB /* defaultAvatar.png */; };
		87DE400D1EC79FFF00BB49EB /* Instagram.png in Resources */ = {isa = PBXBuildFile; fileRef = 87DE400C1EC79FFF00BB49EB /* Instagram.png */; };
		87DE400F1EC7A00600BB49EB /* YouTube.png in Resources */ = {isa = PBXBuildFile; fileRef = 87DE400E1EC7A00600BB49EB /* YouTube.png */; };
		87DE40121EC9420A00BB49EB /* verified.png in Resources */ = {isa = PBXBuildFile; fileRef = 87DE40101EC9420A00BB49EB /* verified.png */; };
		87DE40131EC9420A00BB49EB /* notVarified.png in Resources */ = {isa = PBXBuildFile; fileRef = 87DE40111EC9420A00BB49EB /* notVarified.png */; };
		87E5D3171ECCCCEB004E1F84 /* Utils.swift in Sources */ = {isa = PBXBuildFile; fileRef = 87E5D3161ECCCCEB004E1F84 /* Utils.swift */; };
		87E5D3191ECCD009004E1F84 /* Facebook.png in Resources */ = {isa = PBXBuildFile; fileRef = 87E5D3181ECCD009004E1F84 /* Facebook.png */; };
		87E5D31B1ED1FEFA004E1F84 /* RegisterViewController.swift in Sources */ = {isa = PBXBuildFile; fileRef = 87E5D31A1ED1FEFA004E1F84 /* RegisterViewController.swift */; };
		910CFDB51E80BF950005CC1D /* AppDelegate.swift in Sources */ = {isa = PBXBuildFile; fileRef = 910CFDB41E80BF950005CC1D /* AppDelegate.swift */; };
		910CFDBA1E80BF950005CC1D /* Main.storyboard in Resources */ = {isa = PBXBuildFile; fileRef = 910CFDB81E80BF950005CC1D /* Main.storyboard */; };
		910CFDBC1E80BF950005CC1D /* Assets.xcassets in Resources */ = {isa = PBXBuildFile; fileRef = 910CFDBB1E80BF950005CC1D /* Assets.xcassets */; };
		910CFDBF1E80BF950005CC1D /* LaunchScreen.storyboard in Resources */ = {isa = PBXBuildFile; fileRef = 910CFDBD1E80BF950005CC1D /* LaunchScreen.storyboard */; };
		910CFDD41E80C1130005CC1D /* DismissMenuAnimator.swift in Sources */ = {isa = PBXBuildFile; fileRef = 910CFDCE1E80C1130005CC1D /* DismissMenuAnimator.swift */; };
		910CFDD51E80C1130005CC1D /* Interactor.swift in Sources */ = {isa = PBXBuildFile; fileRef = 910CFDCF1E80C1130005CC1D /* Interactor.swift */; };
		910CFDD61E80C1130005CC1D /* SGViewController.swift in Sources */ = {isa = PBXBuildFile; fileRef = 910CFDD01E80C1130005CC1D /* SGViewController.swift */; };
		910CFDD71E80C1130005CC1D /* MenuHelper.swift in Sources */ = {isa = PBXBuildFile; fileRef = 910CFDD11E80C1130005CC1D /* MenuHelper.swift */; };
		910CFDD91E80C1130005CC1D /* MenuViewController.swift in Sources */ = {isa = PBXBuildFile; fileRef = 910CFDD31E80C1130005CC1D /* MenuViewController.swift */; };
		910CFDDB1E80C13A0005CC1D /* PresentMenuAnimator.swift in Sources */ = {isa = PBXBuildFile; fileRef = 910CFDDA1E80C13A0005CC1D /* PresentMenuAnimator.swift */; };
		AA0645691FB165FD0048A0F9 /* EditorView.swift in Sources */ = {isa = PBXBuildFile; fileRef = AA0645681FB165FD0048A0F9 /* EditorView.swift */; };
		AA06456B1FB175330048A0F9 /* EditorButton.swift in Sources */ = {isa = PBXBuildFile; fileRef = AA06456A1FB175330048A0F9 /* EditorButton.swift */; };
		AA210ADF1F89EEB100B28BC4 /* WCEvent.swift in Sources */ = {isa = PBXBuildFile; fileRef = AA210ADE1F89EEB100B28BC4 /* WCEvent.swift */; };
		AA3CBF351F86A284007BEEBC /* RequestMocker.swift in Sources */ = {isa = PBXBuildFile; fileRef = AA3CBF341F86A284007BEEBC /* RequestMocker.swift */; };
		AA5740F91F9D678D00350911 /* WCPayment.swift in Sources */ = {isa = PBXBuildFile; fileRef = AA5740F81F9D678D00350911 /* WCPayment.swift */; };
		AA88DB961F95A08400BFF6CB /* LoadingView.swift in Sources */ = {isa = PBXBuildFile; fileRef = AA88DB951F95A08400BFF6CB /* LoadingView.swift */; };
		AA92D1DE1FB55D97008ACBE1 /* EditorSeparator.png in Resources */ = {isa = PBXBuildFile; fileRef = AA92D1BB1FB55D96008ACBE1 /* EditorSeparator.png */; };
		AA92D1F11FB9320F008ACBE1 /* FeedEditorViewController.swift in Sources */ = {isa = PBXBuildFile; fileRef = AA92D1F01FB9320F008ACBE1 /* FeedEditorViewController.swift */; };
		AA92D1F31FB961EA008ACBE1 /* Next.png in Resources */ = {isa = PBXBuildFile; fileRef = AA92D1F21FB960FD008ACBE1 /* Next.png */; };
		AA96CD6B1FC2109600909032 /* Cancel.png in Resources */ = {isa = PBXBuildFile; fileRef = AA96CD6A1FC2109500909032 /* Cancel.png */; };
		AAA2CCFC1FC3D648002E59E4 /* EditorFont.swift in Sources */ = {isa = PBXBuildFile; fileRef = AAA2CCFB1FC3D648002E59E4 /* EditorFont.swift */; };
/* End PBXBuildFile section */

/* Begin PBXFileReference section */
		0ACB5DE4537CA1A8E5951E20 /* Pods-WPI_CSA.debug.xcconfig */ = {isa = PBXFileReference; includeInIndex = 1; lastKnownFileType = text.xcconfig; name = "Pods-WPI_CSA.debug.xcconfig"; path = "Pods/Target Support Files/Pods-WPI_CSA/Pods-WPI_CSA.debug.xcconfig"; sourceTree = "<group>"; };
		47898EBF3F9DD3C4396E8291 /* Pods_WPI_CSA.framework */ = {isa = PBXFileReference; explicitFileType = wrapper.framework; includeInIndex = 0; path = Pods_WPI_CSA.framework; sourceTree = BUILT_PRODUCTS_DIR; };
		79CA04F284DC90608F342DEC /* Pods-WPI_CSA.release.xcconfig */ = {isa = PBXFileReference; includeInIndex = 1; lastKnownFileType = text.xcconfig; name = "Pods-WPI_CSA.release.xcconfig"; path = "Pods/Target Support Files/Pods-WPI_CSA/Pods-WPI_CSA.release.xcconfig"; sourceTree = "<group>"; };
		871E35A61EB19FF700EA483E /* 1_1.jpg */ = {isa = PBXFileReference; lastKnownFileType = image.jpeg; name = 1_1.jpg; path = SGImages/1_1.jpg; sourceTree = "<group>"; };
		871E35A71EB19FF700EA483E /* 1_2.jpg */ = {isa = PBXFileReference; lastKnownFileType = image.jpeg; name = 1_2.jpg; path = SGImages/1_2.jpg; sourceTree = "<group>"; };
		871E35A81EB19FF700EA483E /* 1_3.jpg */ = {isa = PBXFileReference; lastKnownFileType = image.jpeg; name = 1_3.jpg; path = SGImages/1_3.jpg; sourceTree = "<group>"; };
		871E35A91EB19FF700EA483E /* 1_4.jpg */ = {isa = PBXFileReference; lastKnownFileType = image.jpeg; name = 1_4.jpg; path = SGImages/1_4.jpg; sourceTree = "<group>"; };
		871E35AA1EB19FF700EA483E /* 1_5.jpg */ = {isa = PBXFileReference; lastKnownFileType = image.jpeg; name = 1_5.jpg; path = SGImages/1_5.jpg; sourceTree = "<group>"; };
		871E35AB1EB19FF700EA483E /* 1_6.jpg */ = {isa = PBXFileReference; lastKnownFileType = image.jpeg; name = 1_6.jpg; path = SGImages/1_6.jpg; sourceTree = "<group>"; };
		871E35AC1EB19FF700EA483E /* 1_7.jpg */ = {isa = PBXFileReference; lastKnownFileType = image.jpeg; name = 1_7.jpg; path = SGImages/1_7.jpg; sourceTree = "<group>"; };
		871E35AD1EB19FF700EA483E /* 1_8.jpg */ = {isa = PBXFileReference; lastKnownFileType = image.jpeg; name = 1_8.jpg; path = SGImages/1_8.jpg; sourceTree = "<group>"; };
		871E35AF1EB19FF700EA483E /* 28_1.jpg */ = {isa = PBXFileReference; lastKnownFileType = image.jpeg; name = 28_1.jpg; path = SGImages/28_1.jpg; sourceTree = "<group>"; };
		871E35B01EB19FF700EA483E /* cover.jpg */ = {isa = PBXFileReference; lastKnownFileType = image.jpeg; name = cover.jpg; path = SGImages/cover.jpg; sourceTree = "<group>"; };
		871E35BC1EB2B73D00EA483E /* 62_1.jpg */ = {isa = PBXFileReference; lastKnownFileType = image.jpeg; name = 62_1.jpg; path = SGImages/62_1.jpg; sourceTree = "<group>"; };
		871E35BE1EB6BBDE00EA483E /* 11_1.jpg */ = {isa = PBXFileReference; lastKnownFileType = image.jpeg; name = 11_1.jpg; path = SGImages/11_1.jpg; sourceTree = "<group>"; };
		871E35C01EB6BBED00EA483E /* 85_1.jpg */ = {isa = PBXFileReference; lastKnownFileType = image.jpeg; name = 85_1.jpg; path = SGImages/85_1.jpg; sourceTree = "<group>"; };
		871E35C61EBA67CB00EA483E /* Upload.swift */ = {isa = PBXFileReference; fileEncoding = 4; lastKnownFileType = sourcecode.swift; name = Upload.swift; path = WebService/HTTPHelper/Upload.swift; sourceTree = "<group>"; };
		871E35C91EBA73A400EA483E /* StatusCode.swift */ = {isa = PBXFileReference; fileEncoding = 4; lastKnownFileType = sourcecode.swift; name = StatusCode.swift; path = WebService/HTTPHelper/StatusCode.swift; sourceTree = "<group>"; };
		871E35CB1EBAA44B00EA483E /* HTTPSecurity.swift */ = {isa = PBXFileReference; fileEncoding = 4; lastKnownFileType = sourcecode.swift; name = HTTPSecurity.swift; path = WebService/HTTPHelper/HTTPSecurity.swift; sourceTree = "<group>"; };
		871E35CD1EBAAEB300EA483E /* Operation.swift */ = {isa = PBXFileReference; fileEncoding = 4; lastKnownFileType = sourcecode.swift; name = Operation.swift; path = WebService/HTTPHelper/Operation.swift; sourceTree = "<group>"; };
		871E35CF1EBAF14C00EA483E /* Request.swift */ = {isa = PBXFileReference; fileEncoding = 4; lastKnownFileType = sourcecode.swift; name = Request.swift; path = WebService/HTTPHelper/Request.swift; sourceTree = "<group>"; };
		8721CB561EE651D80023152A /* EditorViewController.swift */ = {isa = PBXFileReference; fileEncoding = 4; lastKnownFileType = sourcecode.swift; name = EditorViewController.swift; path = ViewControllers/EditorViewController.swift; sourceTree = "<group>"; };
		8727796D1F2985D1009F83B7 /* 85_2.jpg */ = {isa = PBXFileReference; lastKnownFileType = image.jpeg; name = 85_2.jpg; path = SGImages/85_2.jpg; sourceTree = "<group>"; };
		8727796E1F2985D1009F83B7 /* 85_3.jpg */ = {isa = PBXFileReference; lastKnownFileType = image.jpeg; name = 85_3.jpg; path = SGImages/85_3.jpg; sourceTree = "<group>"; };
		872779711F2A1829009F83B7 /* separator.jpg */ = {isa = PBXFileReference; lastKnownFileType = image.jpeg; name = separator.jpg; path = SGImages/separator.jpg; sourceTree = "<group>"; };
		872779731F2D80B2009F83B7 /* appIcon.jpg */ = {isa = PBXFileReference; lastKnownFileType = image.jpeg; name = appIcon.jpg; path = SGImages/appIcon.jpg; sourceTree = "<group>"; };
		8732FE021EBC1F6800B1CDB1 /* WCService.swift */ = {isa = PBXFileReference; fileEncoding = 4; lastKnownFileType = sourcecode.swift; name = WCService.swift; path = WebService/WCService.swift; sourceTree = "<group>"; };
		8732FE061EBD07A600B1CDB1 /* WCUtils.swift */ = {isa = PBXFileReference; fileEncoding = 4; lastKnownFileType = sourcecode.swift; name = WCUtils.swift; path = WebService/WCUtils.swift; sourceTree = "<group>"; };
		874F3D3A1EF6F4B100B47492 /* PreviewViewController.swift */ = {isa = PBXFileReference; fileEncoding = 4; lastKnownFileType = sourcecode.swift; name = PreviewViewController.swift; path = ViewControllers/PreviewViewController.swift; sourceTree = "<group>"; };
		874F3D3C1EF9AAE500B47492 /* WCArticle.swift */ = {isa = PBXFileReference; fileEncoding = 4; lastKnownFileType = sourcecode.swift; name = WCArticle.swift; path = WebService/WCArticle.swift; sourceTree = "<group>"; };
		874F3D781EFAEBE600B47492 /* Toast.swift */ = {isa = PBXFileReference; fileEncoding = 4; lastKnownFileType = sourcecode.swift; name = Toast.swift; path = Helpers/Toast.swift; sourceTree = "<group>"; };
		87668F631F80A0640021478D /* FeedViewController.swift */ = {isa = PBXFileReference; lastKnownFileType = sourcecode.swift; name = FeedViewController.swift; path = ViewControllers/FeedViewController.swift; sourceTree = "<group>"; };
		877E61571E8C4DD100B88831 /* Article.swift */ = {isa = PBXFileReference; fileEncoding = 4; lastKnownFileType = sourcecode.swift; name = Article.swift; path = Objects/Article.swift; sourceTree = "<group>"; };
		877FD5961E94300E00632887 /* menuExpanded.png */ = {isa = PBXFileReference; lastKnownFileType = image.png; name = menuExpanded.png; path = Icons/menuExpanded.png; sourceTree = "<group>"; };
		877FD5971E94300E00632887 /* menuCollapsed.png */ = {isa = PBXFileReference; lastKnownFileType = image.png; name = menuCollapsed.png; path = Icons/menuCollapsed.png; sourceTree = "<group>"; };
		87ADA8241E82275000EF81A4 /* WPI_CSA-Bridging-Header.h */ = {isa = PBXFileReference; lastKnownFileType = sourcecode.c.h; name = "WPI_CSA-Bridging-Header.h"; path = "Database/WPI_CSA-Bridging-Header.h"; sourceTree = "<group>"; };
		87ADA8281E8227C300EF81A4 /* Database.swift */ = {isa = PBXFileReference; fileEncoding = 4; lastKnownFileType = sourcecode.swift; name = Database.swift; path = Database/Database.swift; sourceTree = "<group>"; };
		87ADA82B1E82300800EF81A4 /* libsqlite3.tbd */ = {isa = PBXFileReference; lastKnownFileType = "sourcecode.text-based-dylib-definition"; name = libsqlite3.tbd; path = Platforms/iPhoneOS.platform/Developer/SDKs/iPhoneOS.sdk/usr/lib/libsqlite3.tbd; sourceTree = DEVELOPER_DIR; };
		87BB2BE31F3A905900083536 /* 35_1.jpg */ = {isa = PBXFileReference; lastKnownFileType = image.jpeg; name = 35_1.jpg; path = SGImages/35_1.jpg; sourceTree = "<group>"; };
		87BB2BE51F3A987C00083536 /* landing.jpg */ = {isa = PBXFileReference; lastKnownFileType = image.jpeg; name = landing.jpg; path = SGImages/landing.jpg; sourceTree = "<group>"; };
		87C14A4B1EBE321B0031E20A /* ReportViewController.swift */ = {isa = PBXFileReference; fileEncoding = 4; lastKnownFileType = sourcecode.swift; name = ReportViewController.swift; path = ViewControllers/ReportViewController.swift; sourceTree = "<group>"; };
		87CAC3951ED3D61D004D0A97 /* NVActivityIndicatorView.swift */ = {isa = PBXFileReference; fileEncoding = 4; lastKnownFileType = sourcecode.swift; name = NVActivityIndicatorView.swift; path = Helpers/ActivityIndicator/NVActivityIndicatorView.swift; sourceTree = "<group>"; };
		87CAC3971ED3D62B004D0A97 /* NVActivityIndicatorAnimationBallPulseSync.swift */ = {isa = PBXFileReference; fileEncoding = 4; lastKnownFileType = sourcecode.swift; name = NVActivityIndicatorAnimationBallPulseSync.swift; path = Helpers/ActivityIndicator/NVActivityIndicatorAnimationBallPulseSync.swift; sourceTree = "<group>"; };
		87CAC3991ED3D649004D0A97 /* NVActivityIndicatorAnimationDelegate.swift */ = {isa = PBXFileReference; fileEncoding = 4; lastKnownFileType = sourcecode.swift; name = NVActivityIndicatorAnimationDelegate.swift; path = Helpers/ActivityIndicator/NVActivityIndicatorAnimationDelegate.swift; sourceTree = "<group>"; };
		87CAC39B1ED3D6CC004D0A97 /* NVActivityIndicatorShape.swift */ = {isa = PBXFileReference; fileEncoding = 4; lastKnownFileType = sourcecode.swift; name = NVActivityIndicatorShape.swift; path = Helpers/ActivityIndicator/NVActivityIndicatorShape.swift; sourceTree = "<group>"; };
		87CAC39D1ED3DF9F004D0A97 /* NVActivityIndicatorPresenter.swift */ = {isa = PBXFileReference; fileEncoding = 4; lastKnownFileType = sourcecode.swift; name = NVActivityIndicatorPresenter.swift; path = Helpers/ActivityIndicator/NVActivityIndicatorPresenter.swift; sourceTree = "<group>"; };
		87CD3A491E8494E900C9E5F3 /* Menu.swift */ = {isa = PBXFileReference; fileEncoding = 4; lastKnownFileType = sourcecode.swift; name = Menu.swift; path = Objects/Menu.swift; sourceTree = "<group>"; };
		87D097511F4A68B800D78BF8 /* WCImage.swift */ = {isa = PBXFileReference; fileEncoding = 4; lastKnownFileType = sourcecode.swift; name = WCImage.swift; path = WebService/WCImage.swift; sourceTree = "<group>"; };
		87D097531F4F518100D78BF8 /* Database.sqlite */ = {isa = PBXFileReference; lastKnownFileType = file; path = Database.sqlite; sourceTree = "<group>"; };
		87D097571F53443400D78BF8 /* LifeViewController.swift */ = {isa = PBXFileReference; fileEncoding = 4; lastKnownFileType = sourcecode.swift; name = LifeViewController.swift; path = ViewControllers/LifeViewController.swift; sourceTree = "<group>"; };
		87D097591F55F75F00D78BF8 /* TabBarViewController.swift */ = {isa = PBXFileReference; fileEncoding = 4; lastKnownFileType = sourcecode.swift; name = TabBarViewController.swift; path = ViewControllers/TabBarViewController.swift; sourceTree = "<group>"; };
		87D0975B1F5721D000D78BF8 /* ColoredView.swift */ = {isa = PBXFileReference; fileEncoding = 4; lastKnownFileType = sourcecode.swift; name = ColoredView.swift; path = Helpers/ColoredView.swift; sourceTree = "<group>"; };
		87D0975D1F5A357600D78BF8 /* CacheManager.swift */ = {isa = PBXFileReference; fileEncoding = 4; lastKnownFileType = sourcecode.swift; name = CacheManager.swift; path = Database/CacheManager.swift; sourceTree = "<group>"; };
		87D0975F1F5A3C9300D78BF8 /* Cache.swift */ = {isa = PBXFileReference; fileEncoding = 4; lastKnownFileType = sourcecode.swift; name = Cache.swift; path = Objects/Cache.swift; sourceTree = "<group>"; };
		87D097611F60D57F00D78BF8 /* UserDetailViewController.swift */ = {isa = PBXFileReference; fileEncoding = 4; lastKnownFileType = sourcecode.swift; name = UserDetailViewController.swift; path = ViewControllers/UserDetailViewController.swift; sourceTree = "<group>"; };
		87D097631F70CC5A00D78BF8 /* WCFeed.swift */ = {isa = PBXFileReference; fileEncoding = 4; lastKnownFileType = sourcecode.swift; name = WCFeed.swift; path = WebService/WCFeed.swift; sourceTree = "<group>"; };
		87DE3FC11EC41DF800BB49EB /* WCUser.swift */ = {isa = PBXFileReference; fileEncoding = 4; lastKnownFileType = sourcecode.swift; name = WCUser.swift; path = WebService/WCUser.swift; sourceTree = "<group>"; };
		87DE40041EC765C800BB49EB /* SettingViewController.swift */ = {isa = PBXFileReference; fileEncoding = 4; lastKnownFileType = sourcecode.swift; name = SettingViewController.swift; path = ViewControllers/SettingViewController.swift; sourceTree = "<group>"; };
		87DE40081EC7776200BB49EB /* defaultAvatar.png */ = {isa = PBXFileReference; lastKnownFileType = image.png; name = defaultAvatar.png; path = Icons/defaultAvatar.png; sourceTree = "<group>"; };
		87DE400C1EC79FFF00BB49EB /* Instagram.png */ = {isa = PBXFileReference; lastKnownFileType = image.png; name = Instagram.png; path = Icons/Instagram.png; sourceTree = "<group>"; };
		87DE400E1EC7A00600BB49EB /* YouTube.png */ = {isa = PBXFileReference; lastKnownFileType = image.png; name = YouTube.png; path = Icons/YouTube.png; sourceTree = "<group>"; };
		87DE40101EC9420A00BB49EB /* verified.png */ = {isa = PBXFileReference; lastKnownFileType = image.png; name = verified.png; path = Icons/verified.png; sourceTree = "<group>"; };
		87DE40111EC9420A00BB49EB /* notVarified.png */ = {isa = PBXFileReference; lastKnownFileType = image.png; name = notVarified.png; path = Icons/notVarified.png; sourceTree = "<group>"; };
		87E5D3161ECCCCEB004E1F84 /* Utils.swift */ = {isa = PBXFileReference; fileEncoding = 4; lastKnownFileType = sourcecode.swift; name = Utils.swift; path = Helpers/Utils.swift; sourceTree = "<group>"; };
		87E5D3181ECCD009004E1F84 /* Facebook.png */ = {isa = PBXFileReference; lastKnownFileType = image.png; name = Facebook.png; path = Icons/Facebook.png; sourceTree = "<group>"; };
		87E5D31A1ED1FEFA004E1F84 /* RegisterViewController.swift */ = {isa = PBXFileReference; fileEncoding = 4; lastKnownFileType = sourcecode.swift; name = RegisterViewController.swift; path = ViewControllers/RegisterViewController.swift; sourceTree = "<group>"; };
		910CFDB11E80BF950005CC1D /* WPI_CSA.app */ = {isa = PBXFileReference; explicitFileType = wrapper.application; includeInIndex = 0; path = WPI_CSA.app; sourceTree = BUILT_PRODUCTS_DIR; };
		910CFDB41E80BF950005CC1D /* AppDelegate.swift */ = {isa = PBXFileReference; lastKnownFileType = sourcecode.swift; path = AppDelegate.swift; sourceTree = "<group>"; };
		910CFDB91E80BF950005CC1D /* Base */ = {isa = PBXFileReference; lastKnownFileType = file.storyboard; name = Base; path = Base.lproj/Main.storyboard; sourceTree = "<group>"; };
		910CFDBB1E80BF950005CC1D /* Assets.xcassets */ = {isa = PBXFileReference; lastKnownFileType = folder.assetcatalog; path = Assets.xcassets; sourceTree = "<group>"; };
		910CFDBE1E80BF950005CC1D /* Base */ = {isa = PBXFileReference; lastKnownFileType = file.storyboard; name = Base; path = Base.lproj/LaunchScreen.storyboard; sourceTree = "<group>"; };
		910CFDC01E80BF950005CC1D /* Info.plist */ = {isa = PBXFileReference; lastKnownFileType = text.plist.xml; path = Info.plist; sourceTree = "<group>"; };
		910CFDCE1E80C1130005CC1D /* DismissMenuAnimator.swift */ = {isa = PBXFileReference; fileEncoding = 4; lastKnownFileType = sourcecode.swift; name = DismissMenuAnimator.swift; path = Helpers/DismissMenuAnimator.swift; sourceTree = "<group>"; };
		910CFDCF1E80C1130005CC1D /* Interactor.swift */ = {isa = PBXFileReference; fileEncoding = 4; lastKnownFileType = sourcecode.swift; name = Interactor.swift; path = Helpers/Interactor.swift; sourceTree = "<group>"; };
		910CFDD01E80C1130005CC1D /* SGViewController.swift */ = {isa = PBXFileReference; fileEncoding = 4; lastKnownFileType = sourcecode.swift; name = SGViewController.swift; path = ViewControllers/SGViewController.swift; sourceTree = "<group>"; };
		910CFDD11E80C1130005CC1D /* MenuHelper.swift */ = {isa = PBXFileReference; fileEncoding = 4; lastKnownFileType = sourcecode.swift; name = MenuHelper.swift; path = Helpers/MenuHelper.swift; sourceTree = "<group>"; };
		910CFDD31E80C1130005CC1D /* MenuViewController.swift */ = {isa = PBXFileReference; fileEncoding = 4; lastKnownFileType = sourcecode.swift; name = MenuViewController.swift; path = ViewControllers/MenuViewController.swift; sourceTree = "<group>"; };
		910CFDDA1E80C13A0005CC1D /* PresentMenuAnimator.swift */ = {isa = PBXFileReference; fileEncoding = 4; lastKnownFileType = sourcecode.swift; name = PresentMenuAnimator.swift; path = Helpers/PresentMenuAnimator.swift; sourceTree = "<group>"; };
		AA0645681FB165FD0048A0F9 /* EditorView.swift */ = {isa = PBXFileReference; lastKnownFileType = sourcecode.swift; name = EditorView.swift; path = Helpers/Editor/EditorView.swift; sourceTree = "<group>"; };
		AA06456A1FB175330048A0F9 /* EditorButton.swift */ = {isa = PBXFileReference; lastKnownFileType = sourcecode.swift; name = EditorButton.swift; path = Helpers/Editor/EditorButton.swift; sourceTree = "<group>"; };
		AA210ADE1F89EEB100B28BC4 /* WCEvent.swift */ = {isa = PBXFileReference; lastKnownFileType = sourcecode.swift; name = WCEvent.swift; path = WebService/WCEvent.swift; sourceTree = "<group>"; };
		AA3CBF341F86A284007BEEBC /* RequestMocker.swift */ = {isa = PBXFileReference; lastKnownFileType = sourcecode.swift; name = RequestMocker.swift; path = WebService/RequestMocker.swift; sourceTree = "<group>"; };
		AA5740F81F9D678D00350911 /* WCPayment.swift */ = {isa = PBXFileReference; lastKnownFileType = sourcecode.swift; name = WCPayment.swift; path = WebService/WCPayment.swift; sourceTree = "<group>"; };
		AA5E0F061F8494C2000ED356 /* libBraintree.a */ = {isa = PBXFileReference; explicitFileType = archive.ar; path = libBraintree.a; sourceTree = BUILT_PRODUCTS_DIR; };
		AA5E0F081F8494CF000ED356 /* libBraintreeDropIn.a */ = {isa = PBXFileReference; explicitFileType = archive.ar; path = libBraintreeDropIn.a; sourceTree = BUILT_PRODUCTS_DIR; };
		AA88DB951F95A08400BFF6CB /* LoadingView.swift */ = {isa = PBXFileReference; lastKnownFileType = sourcecode.swift; name = LoadingView.swift; path = Helpers/LoadingView.swift; sourceTree = "<group>"; };
		AA92D1BB1FB55D96008ACBE1 /* EditorSeparator.png */ = {isa = PBXFileReference; lastKnownFileType = image.png; name = EditorSeparator.png; path = Icons/EditorSeparator.png; sourceTree = "<group>"; };
		AA92D1F01FB9320F008ACBE1 /* FeedEditorViewController.swift */ = {isa = PBXFileReference; lastKnownFileType = sourcecode.swift; name = FeedEditorViewController.swift; path = ViewControllers/FeedEditorViewController.swift; sourceTree = "<group>"; };
		AA92D1F21FB960FD008ACBE1 /* Next.png */ = {isa = PBXFileReference; lastKnownFileType = image.png; name = Next.png; path = Icons/Next.png; sourceTree = "<group>"; };
		AA96CD6A1FC2109500909032 /* Cancel.png */ = {isa = PBXFileReference; lastKnownFileType = image.png; name = Cancel.png; path = Icons/Cancel.png; sourceTree = "<group>"; };
		AAA2CCFB1FC3D648002E59E4 /* EditorFont.swift */ = {isa = PBXFileReference; lastKnownFileType = sourcecode.swift; name = EditorFont.swift; path = Helpers/Editor/EditorFont.swift; sourceTree = "<group>"; };
/* End PBXFileReference section */

/* Begin PBXFrameworksBuildPhase section */
		910CFDAE1E80BF950005CC1D /* Frameworks */ = {
			isa = PBXFrameworksBuildPhase;
			buildActionMask = 2147483647;
			files = (
				87ADA82C1E82300800EF81A4 /* libsqlite3.tbd in Frameworks */,
				27C82604EDE0AA2A7F7281B8 /* Pods_WPI_CSA.framework in Frameworks */,
			);
			runOnlyForDeploymentPostprocessing = 0;
		};
/* End PBXFrameworksBuildPhase section */

/* Begin PBXGroup section */
		12151F5FDCC5D878D93AD4F1 /* Pods */ = {
			isa = PBXGroup;
			children = (
				0ACB5DE4537CA1A8E5951E20 /* Pods-WPI_CSA.debug.xcconfig */,
				79CA04F284DC90608F342DEC /* Pods-WPI_CSA.release.xcconfig */,
			);
			name = Pods;
			sourceTree = "<group>";
		};
		871E35C21EBA5D5400EA483E /* WebService */ = {
			isa = PBXGroup;
			children = (
				871E35C31EBA5D6300EA483E /* HTTPHelper */,
				874F3D3C1EF9AAE500B47492 /* WCArticle.swift */,
				AA210ADE1F89EEB100B28BC4 /* WCEvent.swift */,
				87D097631F70CC5A00D78BF8 /* WCFeed.swift */,
				87D097511F4A68B800D78BF8 /* WCImage.swift */,
				AA5740F81F9D678D00350911 /* WCPayment.swift */,
				8732FE021EBC1F6800B1CDB1 /* WCService.swift */,
				87DE3FC11EC41DF800BB49EB /* WCUser.swift */,
				8732FE061EBD07A600B1CDB1 /* WCUtils.swift */,
				AA3CBF341F86A284007BEEBC /* RequestMocker.swift */,
			);
			name = WebService;
			sourceTree = "<group>";
		};
		871E35C31EBA5D6300EA483E /* HTTPHelper */ = {
			isa = PBXGroup;
			children = (
				871E35CB1EBAA44B00EA483E /* HTTPSecurity.swift */,
				871E35CD1EBAAEB300EA483E /* Operation.swift */,
				871E35CF1EBAF14C00EA483E /* Request.swift */,
				871E35C91EBA73A400EA483E /* StatusCode.swift */,
				871E35C61EBA67CB00EA483E /* Upload.swift */,
			);
			name = HTTPHelper;
			sourceTree = "<group>";
		};
		8732FE081EBD628500B1CDB1 /* Helpers */ = {
			isa = PBXGroup;
			children = (
				87CAC3941ED3D5A4004D0A97 /* ActivityIndicator */,
				AAA2CCFA1FC3D443002E59E4 /* Editor */,
				87D0975B1F5721D000D78BF8 /* ColoredView.swift */,
				910CFDCE1E80C1130005CC1D /* DismissMenuAnimator.swift */,
				910CFDCF1E80C1130005CC1D /* Interactor.swift */,
				AA88DB951F95A08400BFF6CB /* LoadingView.swift */,
				910CFDD11E80C1130005CC1D /* MenuHelper.swift */,
				910CFDDA1E80C13A0005CC1D /* PresentMenuAnimator.swift */,
				874F3D781EFAEBE600B47492 /* Toast.swift */,
				87E5D3161ECCCCEB004E1F84 /* Utils.swift */,
			);
			name = Helpers;
			sourceTree = "<group>";
		};
		877E615A1E92CA5900B88831 /* SGImages */ = {
			isa = PBXGroup;
			children = (
				871E35A61EB19FF700EA483E /* 1_1.jpg */,
				871E35A71EB19FF700EA483E /* 1_2.jpg */,
				871E35A81EB19FF700EA483E /* 1_3.jpg */,
				871E35A91EB19FF700EA483E /* 1_4.jpg */,
				871E35AA1EB19FF700EA483E /* 1_5.jpg */,
				871E35AB1EB19FF700EA483E /* 1_6.jpg */,
				871E35AC1EB19FF700EA483E /* 1_7.jpg */,
				871E35AD1EB19FF700EA483E /* 1_8.jpg */,
				871E35BE1EB6BBDE00EA483E /* 11_1.jpg */,
				871E35AF1EB19FF700EA483E /* 28_1.jpg */,
				87BB2BE31F3A905900083536 /* 35_1.jpg */,
				871E35BC1EB2B73D00EA483E /* 62_1.jpg */,
				871E35C01EB6BBED00EA483E /* 85_1.jpg */,
				8727796D1F2985D1009F83B7 /* 85_2.jpg */,
				8727796E1F2985D1009F83B7 /* 85_3.jpg */,
				872779731F2D80B2009F83B7 /* appIcon.jpg */,
				871E35B01EB19FF700EA483E /* cover.jpg */,
				87BB2BE51F3A987C00083536 /* landing.jpg */,
				872779711F2A1829009F83B7 /* separator.jpg */,
			);
			name = SGImages;
			sourceTree = "<group>";
		};
		877FD5951E942FAC00632887 /* Icons */ = {
			isa = PBXGroup;
			children = (
				AA96CD6A1FC2109500909032 /* Cancel.png */,
				87DE40081EC7776200BB49EB /* defaultAvatar.png */,
				AA92D1BB1FB55D96008ACBE1 /* EditorSeparator.png */,
				87E5D3181ECCD009004E1F84 /* Facebook.png */,
				87DE400C1EC79FFF00BB49EB /* Instagram.png */,
				877FD5971E94300E00632887 /* menuCollapsed.png */,
				877FD5961E94300E00632887 /* menuExpanded.png */,
				AA92D1F21FB960FD008ACBE1 /* Next.png */,
				87DE40111EC9420A00BB49EB /* notVarified.png */,
				87DE40101EC9420A00BB49EB /* verified.png */,
				87DE400E1EC7A00600BB49EB /* YouTube.png */,
			);
			name = Icons;
			sourceTree = "<group>";
		};
		87ADA8231E82272300EF81A4 /* Database */ = {
			isa = PBXGroup;
			children = (
				87D0975D1F5A357600D78BF8 /* CacheManager.swift */,
				87ADA8281E8227C300EF81A4 /* Database.swift */,
				87ADA8241E82275000EF81A4 /* WPI_CSA-Bridging-Header.h */,
			);
			name = Database;
			sourceTree = "<group>";
		};
		87ADA82A1E82300700EF81A4 /* Frameworks */ = {
			isa = PBXGroup;
			children = (
				AA5E0F081F8494CF000ED356 /* libBraintreeDropIn.a */,
				AA5E0F061F8494C2000ED356 /* libBraintree.a */,
				87ADA82B1E82300800EF81A4 /* libsqlite3.tbd */,
				47898EBF3F9DD3C4396E8291 /* Pods_WPI_CSA.framework */,
			);
			name = Frameworks;
			sourceTree = "<group>";
		};
		87C14A4A1EBE2F070031E20A /* ViewControllers */ = {
			isa = PBXGroup;
			children = (
				8721CB561EE651D80023152A /* EditorViewController.swift */,
				AA92D1F01FB9320F008ACBE1 /* FeedEditorViewController.swift */,
				87668F631F80A0640021478D /* FeedViewController.swift */,
				87D097571F53443400D78BF8 /* LifeViewController.swift */,
				910CFDD31E80C1130005CC1D /* MenuViewController.swift */,
				874F3D3A1EF6F4B100B47492 /* PreviewViewController.swift */,
				87C14A4B1EBE321B0031E20A /* ReportViewController.swift */,
				87E5D31A1ED1FEFA004E1F84 /* RegisterViewController.swift */,
				87DE40041EC765C800BB49EB /* SettingViewController.swift */,
				910CFDD01E80C1130005CC1D /* SGViewController.swift */,
				87D097591F55F75F00D78BF8 /* TabBarViewController.swift */,
				87D097611F60D57F00D78BF8 /* UserDetailViewController.swift */,
			);
			name = ViewControllers;
			sourceTree = "<group>";
		};
		87CAC3941ED3D5A4004D0A97 /* ActivityIndicator */ = {
			isa = PBXGroup;
			children = (
				87CAC3971ED3D62B004D0A97 /* NVActivityIndicatorAnimationBallPulseSync.swift */,
				87CAC3991ED3D649004D0A97 /* NVActivityIndicatorAnimationDelegate.swift */,
				87CAC39D1ED3DF9F004D0A97 /* NVActivityIndicatorPresenter.swift */,
				87CAC39B1ED3D6CC004D0A97 /* NVActivityIndicatorShape.swift */,
				87CAC3951ED3D61D004D0A97 /* NVActivityIndicatorView.swift */,
			);
			name = ActivityIndicator;
			sourceTree = "<group>";
		};
		87CD3A481E8494A400C9E5F3 /* Objects */ = {
			isa = PBXGroup;
			children = (
				877E61571E8C4DD100B88831 /* Article.swift */,
				87CD3A491E8494E900C9E5F3 /* Menu.swift */,
				87D0975F1F5A3C9300D78BF8 /* Cache.swift */,
			);
			name = Objects;
			sourceTree = "<group>";
		};
		910CFDA81E80BF950005CC1D = {
			isa = PBXGroup;
			children = (
				910CFDB31E80BF950005CC1D /* WPI_CSA */,
				910CFDB21E80BF950005CC1D /* Products */,
				87ADA82A1E82300700EF81A4 /* Frameworks */,
				12151F5FDCC5D878D93AD4F1 /* Pods */,
			);
			sourceTree = "<group>";
		};
		910CFDB21E80BF950005CC1D /* Products */ = {
			isa = PBXGroup;
			children = (
				910CFDB11E80BF950005CC1D /* WPI_CSA.app */,
			);
			name = Products;
			sourceTree = "<group>";
		};
		910CFDB31E80BF950005CC1D /* WPI_CSA */ = {
			isa = PBXGroup;
			children = (
				87ADA8231E82272300EF81A4 /* Database */,
				8732FE081EBD628500B1CDB1 /* Helpers */,
				877FD5951E942FAC00632887 /* Icons */,
				87CD3A481E8494A400C9E5F3 /* Objects */,
				877E615A1E92CA5900B88831 /* SGImages */,
				87C14A4A1EBE2F070031E20A /* ViewControllers */,
				871E35C21EBA5D5400EA483E /* WebService */,
				910CFDB41E80BF950005CC1D /* AppDelegate.swift */,
				910CFDBB1E80BF950005CC1D /* Assets.xcassets */,
				910CFDBD1E80BF950005CC1D /* LaunchScreen.storyboard */,
				910CFDB81E80BF950005CC1D /* Main.storyboard */,
				87D097531F4F518100D78BF8 /* Database.sqlite */,
				910CFDC01E80BF950005CC1D /* Info.plist */,
			);
			path = WPI_CSA;
			sourceTree = "<group>";
		};
		AAA2CCFA1FC3D443002E59E4 /* Editor */ = {
			isa = PBXGroup;
			children = (
				AA06456A1FB175330048A0F9 /* EditorButton.swift */,
				AA0645681FB165FD0048A0F9 /* EditorView.swift */,
				AAA2CCFB1FC3D648002E59E4 /* EditorFont.swift */,
			);
			name = Editor;
			sourceTree = "<group>";
		};
/* End PBXGroup section */

/* Begin PBXNativeTarget section */
		910CFDB01E80BF950005CC1D /* WPI_CSA */ = {
			isa = PBXNativeTarget;
			buildConfigurationList = 910CFDC31E80BF950005CC1D /* Build configuration list for PBXNativeTarget "WPI_CSA" */;
			buildPhases = (
				83574FD6E6FF1543BB1E4D0B /* [CP] Check Pods Manifest.lock */,
				910CFDAD1E80BF950005CC1D /* Sources */,
				910CFDAE1E80BF950005CC1D /* Frameworks */,
				910CFDAF1E80BF950005CC1D /* Resources */,
				FFFCA79CCCFC3B9105A68E21 /* [CP] Embed Pods Frameworks */,
				35007B4CDFDCFFB9C7E94B68 /* [CP] Copy Pods Resources */,
			);
			buildRules = (
			);
			dependencies = (
			);
			name = WPI_CSA;
			productName = WPI_SG;
			productReference = 910CFDB11E80BF950005CC1D /* WPI_CSA.app */;
			productType = "com.apple.product-type.application";
		};
/* End PBXNativeTarget section */

/* Begin PBXProject section */
		910CFDA91E80BF950005CC1D /* Project object */ = {
			isa = PBXProject;
			attributes = {
				LastSwiftUpdateCheck = 0820;
				LastUpgradeCheck = 0900;
				ORGANIZATIONNAME = fangming;
				TargetAttributes = {
					910CFDB01E80BF950005CC1D = {
						CreatedOnToolsVersion = 8.2.1;
						DevelopmentTeam = NK4455562X;
						LastSwiftMigration = 0900;
						ProvisioningStyle = Automatic;
					};
				};
			};
			buildConfigurationList = 910CFDAC1E80BF950005CC1D /* Build configuration list for PBXProject "WPI_CSA" */;
			compatibilityVersion = "Xcode 3.2";
			developmentRegion = English;
			hasScannedForEncodings = 0;
			knownRegions = (
				en,
				Base,
			);
			mainGroup = 910CFDA81E80BF950005CC1D;
			productRefGroup = 910CFDB21E80BF950005CC1D /* Products */;
			projectDirPath = "";
			projectRoot = "";
			targets = (
				910CFDB01E80BF950005CC1D /* WPI_CSA */,
			);
		};
/* End PBXProject section */

/* Begin PBXResourcesBuildPhase section */
		910CFDAF1E80BF950005CC1D /* Resources */ = {
			isa = PBXResourcesBuildPhase;
			buildActionMask = 2147483647;
			files = (
				AA92D1F31FB961EA008ACBE1 /* Next.png in Resources */,
				87D097561F4FAC9400D78BF8 /* Database.sqlite in Resources */,
				871E35B61EB19FF700EA483E /* 1_6.jpg in Resources */,
				871E35BA1EB19FF700EA483E /* 28_1.jpg in Resources */,
				871E35B21EB19FF700EA483E /* 1_2.jpg in Resources */,
				871E35B81EB19FF700EA483E /* 1_8.jpg in Resources */,
				87DE400D1EC79FFF00BB49EB /* Instagram.png in Resources */,
				871E35BF1EB6BBDE00EA483E /* 11_1.jpg in Resources */,
				871E35B71EB19FF700EA483E /* 1_7.jpg in Resources */,
				87BB2BE61F3A987C00083536 /* landing.jpg in Resources */,
				910CFDBF1E80BF950005CC1D /* LaunchScreen.storyboard in Resources */,
				872779721F2A1829009F83B7 /* separator.jpg in Resources */,
				871E35B11EB19FF700EA483E /* 1_1.jpg in Resources */,
				910CFDBC1E80BF950005CC1D /* Assets.xcassets in Resources */,
				87DE40091EC7776200BB49EB /* defaultAvatar.png in Resources */,
				871E35BB1EB19FF700EA483E /* cover.jpg in Resources */,
				871E35C11EB6BBED00EA483E /* 85_1.jpg in Resources */,
				87DE40131EC9420A00BB49EB /* notVarified.png in Resources */,
				871E35BD1EB2B73D00EA483E /* 62_1.jpg in Resources */,
				87BB2BE41F3A905900083536 /* 35_1.jpg in Resources */,
				AA92D1DE1FB55D97008ACBE1 /* EditorSeparator.png in Resources */,
				877FD5991E94300E00632887 /* menuCollapsed.png in Resources */,
				871E35B31EB19FF700EA483E /* 1_3.jpg in Resources */,
				87DE40121EC9420A00BB49EB /* verified.png in Resources */,
				872779741F2D80B2009F83B7 /* appIcon.jpg in Resources */,
				872779701F2985D1009F83B7 /* 85_3.jpg in Resources */,
				87DE400F1EC7A00600BB49EB /* YouTube.png in Resources */,
				AA96CD6B1FC2109600909032 /* Cancel.png in Resources */,
				910CFDBA1E80BF950005CC1D /* Main.storyboard in Resources */,
				871E35B51EB19FF700EA483E /* 1_5.jpg in Resources */,
				87E5D3191ECCD009004E1F84 /* Facebook.png in Resources */,
				8727796F1F2985D1009F83B7 /* 85_2.jpg in Resources */,
				871E35B41EB19FF700EA483E /* 1_4.jpg in Resources */,
				877FD5981E94300E00632887 /* menuExpanded.png in Resources */,
			);
			runOnlyForDeploymentPostprocessing = 0;
		};
/* End PBXResourcesBuildPhase section */

/* Begin PBXShellScriptBuildPhase section */
		35007B4CDFDCFFB9C7E94B68 /* [CP] Copy Pods Resources */ = {
			isa = PBXShellScriptBuildPhase;
			buildActionMask = 2147483647;
			files = (
			);
			inputPaths = (
				"${SRCROOT}/Pods/Target Support Files/Pods-WPI_CSA/Pods-WPI_CSA-resources.sh",
				"$PODS_CONFIGURATION_BUILD_DIR/BraintreeDropIn/Braintree-UIKit-Localization.bundle",
			);
			name = "[CP] Copy Pods Resources";
			outputPaths = (
				"${TARGET_BUILD_DIR}/${UNLOCALIZED_RESOURCES_FOLDER_PATH}",
			);
			runOnlyForDeploymentPostprocessing = 0;
			shellPath = /bin/sh;
			shellScript = "\"${SRCROOT}/Pods/Target Support Files/Pods-WPI_CSA/Pods-WPI_CSA-resources.sh\"\n";
			showEnvVarsInLog = 0;
		};
		83574FD6E6FF1543BB1E4D0B /* [CP] Check Pods Manifest.lock */ = {
			isa = PBXShellScriptBuildPhase;
			buildActionMask = 2147483647;
			files = (
			);
			inputPaths = (
				"${PODS_PODFILE_DIR_PATH}/Podfile.lock",
				"${PODS_ROOT}/Manifest.lock",
			);
			name = "[CP] Check Pods Manifest.lock";
			outputPaths = (
				"$(DERIVED_FILE_DIR)/Pods-WPI_CSA-checkManifestLockResult.txt",
			);
			runOnlyForDeploymentPostprocessing = 0;
			shellPath = /bin/sh;
			shellScript = "diff \"${PODS_PODFILE_DIR_PATH}/Podfile.lock\" \"${PODS_ROOT}/Manifest.lock\" > /dev/null\nif [ $? != 0 ] ; then\n    # print error to STDERR\n    echo \"error: The sandbox is not in sync with the Podfile.lock. Run 'pod install' or update your CocoaPods installation.\" >&2\n    exit 1\nfi\n# This output is used by Xcode 'outputs' to avoid re-running this script phase.\necho \"SUCCESS\" > \"${SCRIPT_OUTPUT_FILE_0}\"\n";
			showEnvVarsInLog = 0;
		};
		FFFCA79CCCFC3B9105A68E21 /* [CP] Embed Pods Frameworks */ = {
			isa = PBXShellScriptBuildPhase;
			buildActionMask = 2147483647;
			files = (
			);
			inputPaths = (
				"${SRCROOT}/Pods/Target Support Files/Pods-WPI_CSA/Pods-WPI_CSA-frameworks.sh",
				"${BUILT_PRODUCTS_DIR}/Braintree/Braintree.framework",
				"${BUILT_PRODUCTS_DIR}/BraintreeDropIn/BraintreeDropIn.framework",
			);
			name = "[CP] Embed Pods Frameworks";
			outputPaths = (
				"${TARGET_BUILD_DIR}/${FRAMEWORKS_FOLDER_PATH}/Braintree.framework",
				"${TARGET_BUILD_DIR}/${FRAMEWORKS_FOLDER_PATH}/BraintreeDropIn.framework",
			);
			runOnlyForDeploymentPostprocessing = 0;
			shellPath = /bin/sh;
			shellScript = "\"${SRCROOT}/Pods/Target Support Files/Pods-WPI_CSA/Pods-WPI_CSA-frameworks.sh\"\n";
			showEnvVarsInLog = 0;
		};
/* End PBXShellScriptBuildPhase section */

/* Begin PBXSourcesBuildPhase section */
		910CFDAD1E80BF950005CC1D /* Sources */ = {
			isa = PBXSourcesBuildPhase;
			buildActionMask = 2147483647;
			files = (
				87CAC39E1ED3DF9F004D0A97 /* NVActivityIndicatorPresenter.swift in Sources */,
				910CFDD51E80C1130005CC1D /* Interactor.swift in Sources */,
				87E5D31B1ED1FEFA004E1F84 /* RegisterViewController.swift in Sources */,
				8732FE071EBD07A600B1CDB1 /* WCUtils.swift in Sources */,
				910CFDD41E80C1130005CC1D /* DismissMenuAnimator.swift in Sources */,
				87D097601F5A3C9300D78BF8 /* Cache.swift in Sources */,
				87D097581F53443400D78BF8 /* LifeViewController.swift in Sources */,
				87D097521F4A68B800D78BF8 /* WCImage.swift in Sources */,
				AA210ADF1F89EEB100B28BC4 /* WCEvent.swift in Sources */,
				AA0645691FB165FD0048A0F9 /* EditorView.swift in Sources */,
				871E35C71EBA67CB00EA483E /* Upload.swift in Sources */,
				874F3D3B1EF6F4B100B47492 /* PreviewViewController.swift in Sources */,
				87DE3FC21EC41DF800BB49EB /* WCUser.swift in Sources */,
				910CFDB51E80BF950005CC1D /* AppDelegate.swift in Sources */,
				87CAC3961ED3D61D004D0A97 /* NVActivityIndicatorView.swift in Sources */,
				910CFDD91E80C1130005CC1D /* MenuViewController.swift in Sources */,
				AA06456B1FB175330048A0F9 /* EditorButton.swift in Sources */,
				874F3D791EFAEBE600B47492 /* Toast.swift in Sources */,
				8732FE031EBC1F6800B1CDB1 /* WCService.swift in Sources */,
				877E61581E8C4DD100B88831 /* Article.swift in Sources */,
				871E35CA1EBA73A400EA483E /* StatusCode.swift in Sources */,
				AA88DB961F95A08400BFF6CB /* LoadingView.swift in Sources */,
				AA3CBF351F86A284007BEEBC /* RequestMocker.swift in Sources */,
				910CFDDB1E80C13A0005CC1D /* PresentMenuAnimator.swift in Sources */,
				871E35D01EBAF14C00EA483E /* Request.swift in Sources */,
				AA92D1F11FB9320F008ACBE1 /* FeedEditorViewController.swift in Sources */,
				910CFDD71E80C1130005CC1D /* MenuHelper.swift in Sources */,
				871E35CE1EBAAEB300EA483E /* Operation.swift in Sources */,
				87668F641F80A0640021478D /* FeedViewController.swift in Sources */,
				AA5740F91F9D678D00350911 /* WCPayment.swift in Sources */,
				87CD3A4A1E8494E900C9E5F3 /* Menu.swift in Sources */,
				87D097621F60D57F00D78BF8 /* UserDetailViewController.swift in Sources */,
				87CAC3981ED3D62B004D0A97 /* NVActivityIndicatorAnimationBallPulseSync.swift in Sources */,
				87DE40051EC765C800BB49EB /* SettingViewController.swift in Sources */,
				87D0975C1F5721D000D78BF8 /* ColoredView.swift in Sources */,
				87D097641F70CC5A00D78BF8 /* WCFeed.swift in Sources */,
				87C14A4C1EBE321B0031E20A /* ReportViewController.swift in Sources */,
				874F3D3D1EF9AAE500B47492 /* WCArticle.swift in Sources */,
				87D0975A1F55F75F00D78BF8 /* TabBarViewController.swift in Sources */,
				87D0975E1F5A357600D78BF8 /* CacheManager.swift in Sources */,
				87CAC39C1ED3D6CC004D0A97 /* NVActivityIndicatorShape.swift in Sources */,
				AAA2CCFC1FC3D648002E59E4 /* EditorFont.swift in Sources */,
				87E5D3171ECCCCEB004E1F84 /* Utils.swift in Sources */,
				871E35CC1EBAA44B00EA483E /* HTTPSecurity.swift in Sources */,
				87CAC39A1ED3D649004D0A97 /* NVActivityIndicatorAnimationDelegate.swift in Sources */,
				910CFDD61E80C1130005CC1D /* SGViewController.swift in Sources */,
				87ADA8291E8227C300EF81A4 /* Database.swift in Sources */,
				8721CB571EE651D80023152A /* EditorViewController.swift in Sources */,
			);
			runOnlyForDeploymentPostprocessing = 0;
		};
/* End PBXSourcesBuildPhase section */

/* Begin PBXVariantGroup section */
		910CFDB81E80BF950005CC1D /* Main.storyboard */ = {
			isa = PBXVariantGroup;
			children = (
				910CFDB91E80BF950005CC1D /* Base */,
			);
			name = Main.storyboard;
			sourceTree = "<group>";
		};
		910CFDBD1E80BF950005CC1D /* LaunchScreen.storyboard */ = {
			isa = PBXVariantGroup;
			children = (
				910CFDBE1E80BF950005CC1D /* Base */,
			);
			name = LaunchScreen.storyboard;
			sourceTree = "<group>";
		};
/* End PBXVariantGroup section */

/* Begin XCBuildConfiguration section */
		910CFDC11E80BF950005CC1D /* Debug */ = {
			isa = XCBuildConfiguration;
			buildSettings = {
				ALWAYS_SEARCH_USER_PATHS = NO;
				CLANG_ANALYZER_NONNULL = YES;
				CLANG_CXX_LANGUAGE_STANDARD = "gnu++0x";
				CLANG_CXX_LIBRARY = "libc++";
				CLANG_ENABLE_MODULES = YES;
				CLANG_ENABLE_OBJC_ARC = YES;
				CLANG_WARN_BLOCK_CAPTURE_AUTORELEASING = YES;
				CLANG_WARN_BOOL_CONVERSION = YES;
				CLANG_WARN_COMMA = YES;
				CLANG_WARN_CONSTANT_CONVERSION = YES;
				CLANG_WARN_DIRECT_OBJC_ISA_USAGE = YES_ERROR;
				CLANG_WARN_DOCUMENTATION_COMMENTS = YES;
				CLANG_WARN_EMPTY_BODY = YES;
				CLANG_WARN_ENUM_CONVERSION = YES;
				CLANG_WARN_INFINITE_RECURSION = YES;
				CLANG_WARN_INT_CONVERSION = YES;
				CLANG_WARN_NON_LITERAL_NULL_CONVERSION = YES;
				CLANG_WARN_OBJC_LITERAL_CONVERSION = YES;
				CLANG_WARN_OBJC_ROOT_CLASS = YES_ERROR;
				CLANG_WARN_RANGE_LOOP_ANALYSIS = YES;
				CLANG_WARN_STRICT_PROTOTYPES = YES;
				CLANG_WARN_SUSPICIOUS_MOVE = YES;
				CLANG_WARN_UNREACHABLE_CODE = YES;
				CLANG_WARN__DUPLICATE_METHOD_MATCH = YES;
				"CODE_SIGN_IDENTITY[sdk=iphoneos*]" = "iPhone Developer";
				COPY_PHASE_STRIP = NO;
				DEBUG_INFORMATION_FORMAT = dwarf;
				ENABLE_STRICT_OBJC_MSGSEND = YES;
				ENABLE_TESTABILITY = YES;
				GCC_C_LANGUAGE_STANDARD = gnu99;
				GCC_DYNAMIC_NO_PIC = NO;
				GCC_NO_COMMON_BLOCKS = YES;
				GCC_OPTIMIZATION_LEVEL = 0;
				GCC_PREPROCESSOR_DEFINITIONS = (
					"DEBUG=1",
					"$(inherited)",
				);
				GCC_WARN_64_TO_32_BIT_CONVERSION = YES;
				GCC_WARN_ABOUT_RETURN_TYPE = YES_ERROR;
				GCC_WARN_UNDECLARED_SELECTOR = YES;
				GCC_WARN_UNINITIALIZED_AUTOS = YES_AGGRESSIVE;
				GCC_WARN_UNUSED_FUNCTION = YES;
				GCC_WARN_UNUSED_VARIABLE = YES;
				IPHONEOS_DEPLOYMENT_TARGET = 10.2;
				MTL_ENABLE_DEBUG_INFO = YES;
				ONLY_ACTIVE_ARCH = YES;
				SDKROOT = iphoneos;
				SWIFT_ACTIVE_COMPILATION_CONDITIONS = DEBUG;
				SWIFT_OPTIMIZATION_LEVEL = "-Onone";
				TARGETED_DEVICE_FAMILY = "1,2";
			};
			name = Debug;
		};
		910CFDC21E80BF950005CC1D /* Release */ = {
			isa = XCBuildConfiguration;
			buildSettings = {
				ALWAYS_SEARCH_USER_PATHS = NO;
				CLANG_ANALYZER_NONNULL = YES;
				CLANG_CXX_LANGUAGE_STANDARD = "gnu++0x";
				CLANG_CXX_LIBRARY = "libc++";
				CLANG_ENABLE_MODULES = YES;
				CLANG_ENABLE_OBJC_ARC = YES;
				CLANG_WARN_BLOCK_CAPTURE_AUTORELEASING = YES;
				CLANG_WARN_BOOL_CONVERSION = YES;
				CLANG_WARN_COMMA = YES;
				CLANG_WARN_CONSTANT_CONVERSION = YES;
				CLANG_WARN_DIRECT_OBJC_ISA_USAGE = YES_ERROR;
				CLANG_WARN_DOCUMENTATION_COMMENTS = YES;
				CLANG_WARN_EMPTY_BODY = YES;
				CLANG_WARN_ENUM_CONVERSION = YES;
				CLANG_WARN_INFINITE_RECURSION = YES;
				CLANG_WARN_INT_CONVERSION = YES;
				CLANG_WARN_NON_LITERAL_NULL_CONVERSION = YES;
				CLANG_WARN_OBJC_LITERAL_CONVERSION = YES;
				CLANG_WARN_OBJC_ROOT_CLASS = YES_ERROR;
				CLANG_WARN_RANGE_LOOP_ANALYSIS = YES;
				CLANG_WARN_STRICT_PROTOTYPES = YES;
				CLANG_WARN_SUSPICIOUS_MOVE = YES;
				CLANG_WARN_UNREACHABLE_CODE = YES;
				CLANG_WARN__DUPLICATE_METHOD_MATCH = YES;
				"CODE_SIGN_IDENTITY[sdk=iphoneos*]" = "iPhone Developer";
				COPY_PHASE_STRIP = NO;
				DEBUG_INFORMATION_FORMAT = "dwarf-with-dsym";
				ENABLE_NS_ASSERTIONS = NO;
				ENABLE_STRICT_OBJC_MSGSEND = YES;
				GCC_C_LANGUAGE_STANDARD = gnu99;
				GCC_NO_COMMON_BLOCKS = YES;
				GCC_WARN_64_TO_32_BIT_CONVERSION = YES;
				GCC_WARN_ABOUT_RETURN_TYPE = YES_ERROR;
				GCC_WARN_UNDECLARED_SELECTOR = YES;
				GCC_WARN_UNINITIALIZED_AUTOS = YES_AGGRESSIVE;
				GCC_WARN_UNUSED_FUNCTION = YES;
				GCC_WARN_UNUSED_VARIABLE = YES;
				IPHONEOS_DEPLOYMENT_TARGET = 10.2;
				MTL_ENABLE_DEBUG_INFO = NO;
				SDKROOT = iphoneos;
				SWIFT_OPTIMIZATION_LEVEL = "-Owholemodule";
				TARGETED_DEVICE_FAMILY = "1,2";
				VALIDATE_PRODUCT = YES;
			};
			name = Release;
		};
		910CFDC41E80BF950005CC1D /* Debug */ = {
			isa = XCBuildConfiguration;
			baseConfigurationReference = 0ACB5DE4537CA1A8E5951E20 /* Pods-WPI_CSA.debug.xcconfig */;
			buildSettings = {
				ASSETCATALOG_COMPILER_APPICON_NAME = AppIcon;
				CLANG_ENABLE_MODULES = YES;
				"CODE_SIGN_IDENTITY[sdk=iphoneos*]" = "iPhone Developer";
				DEVELOPMENT_TEAM = NK4455562X;
				INFOPLIST_FILE = WPI_CSA/Info.plist;
				IPHONEOS_DEPLOYMENT_TARGET = 9.0;
				LD_RUNPATH_SEARCH_PATHS = "$(inherited) @executable_path/Frameworks";
				PRODUCT_BUNDLE_IDENTIFIER = "com.fmning.WPI-CSA";
				PRODUCT_NAME = "$(TARGET_NAME)";
				PROVISIONING_PROFILE_SPECIFIER = "";
				SWIFT_OBJC_BRIDGING_HEADER = "WPI_CSA/Database/WPI_CSA-Bridging-Header.h";
				SWIFT_OPTIMIZATION_LEVEL = "-Onone";
				SWIFT_SWIFT3_OBJC_INFERENCE = Default;
				SWIFT_VERSION = 4.0;
			};
			name = Debug;
		};
		910CFDC51E80BF950005CC1D /* Release */ = {
			isa = XCBuildConfiguration;
			baseConfigurationReference = 79CA04F284DC90608F342DEC /* Pods-WPI_CSA.release.xcconfig */;
			buildSettings = {
				ASSETCATALOG_COMPILER_APPICON_NAME = AppIcon;
				CLANG_ENABLE_MODULES = YES;
				"CODE_SIGN_IDENTITY[sdk=iphoneos*]" = "iPhone Developer";
				DEVELOPMENT_TEAM = NK4455562X;
				INFOPLIST_FILE = WPI_CSA/Info.plist;
				IPHONEOS_DEPLOYMENT_TARGET = 9.0;
				LD_RUNPATH_SEARCH_PATHS = "$(inherited) @executable_path/Frameworks";
				PRODUCT_BUNDLE_IDENTIFIER = "com.fmning.WPI-CSA";
				PRODUCT_NAME = "$(TARGET_NAME)";
				PROVISIONING_PROFILE_SPECIFIER = "";
				SWIFT_OBJC_BRIDGING_HEADER = "WPI_CSA/Database/WPI_CSA-Bridging-Header.h";
				SWIFT_SWIFT3_OBJC_INFERENCE = Default;
				SWIFT_VERSION = 4.0;
			};
			name = Release;
		};
/* End XCBuildConfiguration section */

/* Begin XCConfigurationList section */
		910CFDAC1E80BF950005CC1D /* Build configuration list for PBXProject "WPI_CSA" */ = {
			isa = XCConfigurationList;
			buildConfigurations = (
				910CFDC11E80BF950005CC1D /* Debug */,
				910CFDC21E80BF950005CC1D /* Release */,
			);
			defaultConfigurationIsVisible = 0;
			defaultConfigurationName = Release;
		};
		910CFDC31E80BF950005CC1D /* Build configuration list for PBXNativeTarget "WPI_CSA" */ = {
			isa = XCConfigurationList;
			buildConfigurations = (
				910CFDC41E80BF950005CC1D /* Debug */,
				910CFDC51E80BF950005CC1D /* Release */,
			);
			defaultConfigurationIsVisible = 0;
			defaultConfigurationName = Release;
		};
/* End XCConfigurationList section */
	};
	rootObject = 910CFDA91E80BF950005CC1D /* Project object */;
}
